// !$*UTF8*$!
{
	archiveVersion = 1;
	classes = {
	};
	objectVersion = 48;
	objects = {

/* Begin PBXBuildFile section */
		0293C918A6FB5685807ABA7E /* Pods_MazadUITests.framework in Frameworks */ = {isa = PBXBuildFile; fileRef = F3FAF6F17974B1921A5AADB7 /* Pods_MazadUITests.framework */; };
		2F01893E20ADA3F30034BA75 /* searchTableViewCell.swift in Sources */ = {isa = PBXBuildFile; fileRef = 2F01893D20ADA3F30034BA75 /* searchTableViewCell.swift */; };
		2F01894720ADCBD50034BA75 /* GoogleService-Info.plist in Resources */ = {isa = PBXBuildFile; fileRef = 2F01894620ADCBD40034BA75 /* GoogleService-Info.plist */; };
		2F05FD522094D9650005FB42 /* contactViewController.swift in Sources */ = {isa = PBXBuildFile; fileRef = 2F05FD512094D9650005FB42 /* contactViewController.swift */; };
		2F414F082099EAA400B8AD12 /* likeTableViewCell.swift in Sources */ = {isa = PBXBuildFile; fileRef = 2F414F072099EAA400B8AD12 /* likeTableViewCell.swift */; };
		2F414F0A2099ECA700B8AD12 /* newsTitleTableViewCell.swift in Sources */ = {isa = PBXBuildFile; fileRef = 2F414F092099ECA700B8AD12 /* newsTitleTableViewCell.swift */; };
		2F414F0C2099ED0B00B8AD12 /* bodyNewsTableViewCell.swift in Sources */ = {isa = PBXBuildFile; fileRef = 2F414F0B2099ED0B00B8AD12 /* bodyNewsTableViewCell.swift */; };
		2F41C3C42095F459007AA346 /* ProductViewController.swift in Sources */ = {isa = PBXBuildFile; fileRef = 2F41C3C32095F459007AA346 /* ProductViewController.swift */; };
		2F41C3C62095F48E007AA346 /* titleTableViewCell.swift in Sources */ = {isa = PBXBuildFile; fileRef = 2F41C3C52095F48E007AA346 /* titleTableViewCell.swift */; };
		2F41C3C82095F4C8007AA346 /* informationTableViewCell.swift in Sources */ = {isa = PBXBuildFile; fileRef = 2F41C3C72095F4C8007AA346 /* informationTableViewCell.swift */; };
		2F41C3CA2095F4F2007AA346 /* imageTableViewCell.swift in Sources */ = {isa = PBXBuildFile; fileRef = 2F41C3C92095F4F2007AA346 /* imageTableViewCell.swift */; };
		2F41C3CC2095F509007AA346 /* contactTableViewCell.swift in Sources */ = {isa = PBXBuildFile; fileRef = 2F41C3CB2095F509007AA346 /* contactTableViewCell.swift */; };
		2F41C3CE20962B91007AA346 /* commentTableViewCell.swift in Sources */ = {isa = PBXBuildFile; fileRef = 2F41C3CD20962B91007AA346 /* commentTableViewCell.swift */; };
		2F41C3D020962BC3007AA346 /* addCommentTableViewCell.swift in Sources */ = {isa = PBXBuildFile; fileRef = 2F41C3CF20962BC3007AA346 /* addCommentTableViewCell.swift */; };
		2F41C3D220965C2F007AA346 /* settingTableViewCell.swift in Sources */ = {isa = PBXBuildFile; fileRef = 2F41C3D120965C2F007AA346 /* settingTableViewCell.swift */; };
		2F41C3D4209664A4007AA346 /* settingViewController.swift in Sources */ = {isa = PBXBuildFile; fileRef = 2F41C3D3209664A4007AA346 /* settingViewController.swift */; };
		2F58884520A2293100E7E4B3 /* editProfileViewController.swift in Sources */ = {isa = PBXBuildFile; fileRef = 2F58884420A2293000E7E4B3 /* editProfileViewController.swift */; };
		2F5ED37F2090D76200E4B829 /* menuTableViewCell.swift in Sources */ = {isa = PBXBuildFile; fileRef = 2F5ED37E2090D76200E4B829 /* menuTableViewCell.swift */; };
		2F5ED3822090E0FC00E4B829 /* Reachiblity.swift in Sources */ = {isa = PBXBuildFile; fileRef = 2F5ED3802090E0FC00E4B829 /* Reachiblity.swift */; };
		2F5ED3832090E0FC00E4B829 /* Utitlites.swift in Sources */ = {isa = PBXBuildFile; fileRef = 2F5ED3812090E0FC00E4B829 /* Utitlites.swift */; };
		2F5ED3852090E33D00E4B829 /* Global.swift in Sources */ = {isa = PBXBuildFile; fileRef = 2F5ED3842090E33D00E4B829 /* Global.swift */; };
		2F5ED3872090E90B00E4B829 /* splashScreenViewController.swift in Sources */ = {isa = PBXBuildFile; fileRef = 2F5ED3862090E90B00E4B829 /* splashScreenViewController.swift */; };
		2F5ED3892090E92F00E4B829 /* homeViewController.swift in Sources */ = {isa = PBXBuildFile; fileRef = 2F5ED3882090E92F00E4B829 /* homeViewController.swift */; };
		2F5ED38C20910F0A00E4B829 /* productTableViewCell.swift in Sources */ = {isa = PBXBuildFile; fileRef = 2F5ED38A20910F0A00E4B829 /* productTableViewCell.swift */; };
		2F5ED38D20910F0A00E4B829 /* productTableViewCell.xib in Resources */ = {isa = PBXBuildFile; fileRef = 2F5ED38B20910F0A00E4B829 /* productTableViewCell.xib */; };
		2F5ED38F209110A700E4B829 /* addProductViewController.swift in Sources */ = {isa = PBXBuildFile; fileRef = 2F5ED38E209110A700E4B829 /* addProductViewController.swift */; };
		2F5ED391209110B700E4B829 /* categoriesViewController.swift in Sources */ = {isa = PBXBuildFile; fileRef = 2F5ED390209110B700E4B829 /* categoriesViewController.swift */; };
		2F5ED393209110C400E4B829 /* listNewsViewController.swift in Sources */ = {isa = PBXBuildFile; fileRef = 2F5ED392209110C400E4B829 /* listNewsViewController.swift */; };
		2F5ED396209110DA00E4B829 /* newsViewController.swift in Sources */ = {isa = PBXBuildFile; fileRef = 2F5ED395209110DA00E4B829 /* newsViewController.swift */; };
		2F74E60520A1493600AFA1A7 /* usersChatTableViewCell.swift in Sources */ = {isa = PBXBuildFile; fileRef = 2F74E60420A1493600AFA1A7 /* usersChatTableViewCell.swift */; };
		2F74E60720A1495400AFA1A7 /* usersChatViewController.swift in Sources */ = {isa = PBXBuildFile; fileRef = 2F74E60620A1495400AFA1A7 /* usersChatViewController.swift */; };
		2F8FD10F20A0C80D0039F3DA /* chatViewController.swift in Sources */ = {isa = PBXBuildFile; fileRef = 2F8FD10D20A0C80D0039F3DA /* chatViewController.swift */; };
		2F8FD11020A0C80D0039F3DA /* parentChatViewController.swift in Sources */ = {isa = PBXBuildFile; fileRef = 2F8FD10E20A0C80D0039F3DA /* parentChatViewController.swift */; };
		2F9727C9209FE79B0082C11E /* GlobalVariables.swift in Sources */ = {isa = PBXBuildFile; fileRef = 2F9727C8209FE79B0082C11E /* GlobalVariables.swift */; };
		2F9A73C02091E85F003649D7 /* newsTableViewCell.swift in Sources */ = {isa = PBXBuildFile; fileRef = 2F9A73BF2091E85F003649D7 /* newsTableViewCell.swift */; };
		2F9A73C22091EA58003649D7 /* categoriesTableViewCell.swift in Sources */ = {isa = PBXBuildFile; fileRef = 2F9A73C12091EA58003649D7 /* categoriesTableViewCell.swift */; };
		2F9A73C42091F6B5003649D7 /* newProductTableViewCell.swift in Sources */ = {isa = PBXBuildFile; fileRef = 2F9A73C32091F6B5003649D7 /* newProductTableViewCell.swift */; };
		2F9B043720937022000F7E86 /* mainViewController.swift in Sources */ = {isa = PBXBuildFile; fileRef = 2F9B043620937022000F7E86 /* mainViewController.swift */; };
		2F9B04392093713E000F7E86 /* searchViewController.swift in Sources */ = {isa = PBXBuildFile; fileRef = 2F9B04382093713E000F7E86 /* searchViewController.swift */; };
		2FA1925620A7E21800F3B175 /* advancedSearchViewController.swift in Sources */ = {isa = PBXBuildFile; fileRef = 2FA1925520A7E21800F3B175 /* advancedSearchViewController.swift */; };
		2FA1925820A7E23100F3B175 /* advancedCellTableViewCell.swift in Sources */ = {isa = PBXBuildFile; fileRef = 2FA1925720A7E23100F3B175 /* advancedCellTableViewCell.swift */; };
		2FA1925A20A7E24D00F3B175 /* imageCollectionViewCell.swift in Sources */ = {isa = PBXBuildFile; fileRef = 2FA1925920A7E24D00F3B175 /* imageCollectionViewCell.swift */; };
		2FA267C220A2ACBD0066CCA4 /* ArbFONTS-Droid.Arabic.Kufi_DownloadSoftware.iR_.ttf in Resources */ = {isa = PBXBuildFile; fileRef = 2FA267BC20A2ACAE0066CCA4 /* ArbFONTS-Droid.Arabic.Kufi_DownloadSoftware.iR_.ttf */; };
		2FA267C320A2ACBD0066CCA4 /* ArbFONTS-Droid Arabic Kufi.ttf in Resources */ = {isa = PBXBuildFile; fileRef = 2FA267BD20A2ACB40066CCA4 /* ArbFONTS-Droid Arabic Kufi.ttf */; };
		2FA267C420A2ACBD0066CCA4 /* ArbFONTS-Droid Arabic Kufi Bold.ttf in Resources */ = {isa = PBXBuildFile; fileRef = 2FA267BE20A2ACBC0066CCA4 /* ArbFONTS-Droid Arabic Kufi Bold.ttf */; };
		2FA267C520A2ACBD0066CCA4 /* ArbFONTS-Droid-Arabic-Kufi-Bold.ttf in Resources */ = {isa = PBXBuildFile; fileRef = 2FA267BF20A2ACBC0066CCA4 /* ArbFONTS-Droid-Arabic-Kufi-Bold.ttf */; };
		2FA267C620A2ACBD0066CCA4 /* ArbFONTS-Droid-Arabic-Kufi.ttf in Resources */ = {isa = PBXBuildFile; fileRef = 2FA267C020A2ACBC0066CCA4 /* ArbFONTS-Droid-Arabic-Kufi.ttf */; };
		2FA267C720A2ACBD0066CCA4 /* ArbFONTS-Droid.Arabic.Kufi_.Bold_DownloadSoftware.iR_.ttf in Resources */ = {isa = PBXBuildFile; fileRef = 2FA267C120A2ACBD0066CCA4 /* ArbFONTS-Droid.Arabic.Kufi_.Bold_DownloadSoftware.iR_.ttf */; };
		2FB7FEE02091DA4400B39CFC /* preLoginViewController.swift in Sources */ = {isa = PBXBuildFile; fileRef = 2FB7FEDF2091DA4400B39CFC /* preLoginViewController.swift */; };
		2FC702222090A5CD00D1E92A /* AppDelegate.swift in Sources */ = {isa = PBXBuildFile; fileRef = 2FC702212090A5CD00D1E92A /* AppDelegate.swift */; };
		2FC702242090A5CD00D1E92A /* ViewController.swift in Sources */ = {isa = PBXBuildFile; fileRef = 2FC702232090A5CD00D1E92A /* ViewController.swift */; };
		2FC702272090A5CD00D1E92A /* Main.storyboard in Resources */ = {isa = PBXBuildFile; fileRef = 2FC702252090A5CD00D1E92A /* Main.storyboard */; };
		2FC7022A2090A5CD00D1E92A /* Mazad.xcdatamodeld in Sources */ = {isa = PBXBuildFile; fileRef = 2FC702282090A5CD00D1E92A /* Mazad.xcdatamodeld */; };
		2FC7022C2090A5CD00D1E92A /* Assets.xcassets in Resources */ = {isa = PBXBuildFile; fileRef = 2FC7022B2090A5CD00D1E92A /* Assets.xcassets */; };
		2FC7022F2090A5CD00D1E92A /* LaunchScreen.storyboard in Resources */ = {isa = PBXBuildFile; fileRef = 2FC7022D2090A5CD00D1E92A /* LaunchScreen.storyboard */; };
		2FC7023A2090A5CD00D1E92A /* MazadTests.swift in Sources */ = {isa = PBXBuildFile; fileRef = 2FC702392090A5CD00D1E92A /* MazadTests.swift */; };
		2FC702452090A5CD00D1E92A /* MazadUITests.swift in Sources */ = {isa = PBXBuildFile; fileRef = 2FC702442090A5CD00D1E92A /* MazadUITests.swift */; };
		2FC702552090D31E00D1E92A /* SWRevealViewController.m in Sources */ = {isa = PBXBuildFile; fileRef = 2FC702542090D31D00D1E92A /* SWRevealViewController.m */; };
		2FC702602090D3C500D1E92A /* LoginViewController.swift in Sources */ = {isa = PBXBuildFile; fileRef = 2FC7025A2090D3C500D1E92A /* LoginViewController.swift */; };
		2FC702612090D3C500D1E92A /* SignUpViewController.swift in Sources */ = {isa = PBXBuildFile; fileRef = 2FC7025B2090D3C500D1E92A /* SignUpViewController.swift */; };
		2FC702622090D3C500D1E92A /* SuperParentViewController.swift in Sources */ = {isa = PBXBuildFile; fileRef = 2FC7025C2090D3C500D1E92A /* SuperParentViewController.swift */; };
		2FC702632090D3C500D1E92A /* MenuController.swift in Sources */ = {isa = PBXBuildFile; fileRef = 2FC7025D2090D3C500D1E92A /* MenuController.swift */; };
		2FC702642090D3C500D1E92A /* SuperParentTableViewController.swift in Sources */ = {isa = PBXBuildFile; fileRef = 2FC7025E2090D3C500D1E92A /* SuperParentTableViewController.swift */; };
		2FC702652090D3C500D1E92A /* navigationController.swift in Sources */ = {isa = PBXBuildFile; fileRef = 2FC7025F2090D3C500D1E92A /* navigationController.swift */; };
		2FE363A2209BE29A001639A6 /* ExamplePhoto.swift in Sources */ = {isa = PBXBuildFile; fileRef = 2FE363A1209BE299001639A6 /* ExamplePhoto.swift */; };
		2FEF28E220AF0B400078B132 /* verificationViewController.swift in Sources */ = {isa = PBXBuildFile; fileRef = 2FEF28E020AF0B3F0078B132 /* verificationViewController.swift */; };
		2FEF28E320AF0B400078B132 /* resetPasswordViewController.swift in Sources */ = {isa = PBXBuildFile; fileRef = 2FEF28E120AF0B3F0078B132 /* resetPasswordViewController.swift */; };
		2FF91F202092676B00E97821 /* mainTabBarController.swift in Sources */ = {isa = PBXBuildFile; fileRef = 2FF91F1F2092676B00E97821 /* mainTabBarController.swift */; };
		2FFF136C20AC143700D8F878 /* aboutViewController.swift in Sources */ = {isa = PBXBuildFile; fileRef = 2FFF136B20AC143700D8F878 /* aboutViewController.swift */; };
		2FFF136E20AC144B00D8F878 /* aboutTableViewCell.swift in Sources */ = {isa = PBXBuildFile; fileRef = 2FFF136D20AC144B00D8F878 /* aboutTableViewCell.swift */; };
		2FFF137020AC145500D8F878 /* aboutTextTableViewCell.swift in Sources */ = {isa = PBXBuildFile; fileRef = 2FFF136F20AC145500D8F878 /* aboutTextTableViewCell.swift */; };
		E50A24A549DCA49A7A9AB30C /* Pods_MazadTests.framework in Frameworks */ = {isa = PBXBuildFile; fileRef = 58792A8F276F3D7EBD82AA22 /* Pods_MazadTests.framework */; };
		F3745CB1663D03040E14F3BB /* Pods_Mazad.framework in Frameworks */ = {isa = PBXBuildFile; fileRef = CEB2EEDFF2F8807707B22E3A /* Pods_Mazad.framework */; };
/* End PBXBuildFile section */

/* Begin PBXContainerItemProxy section */
		2FC702362090A5CD00D1E92A /* PBXContainerItemProxy */ = {
			isa = PBXContainerItemProxy;
			containerPortal = 2FC702162090A5CD00D1E92A /* Project object */;
			proxyType = 1;
			remoteGlobalIDString = 2FC7021D2090A5CD00D1E92A;
			remoteInfo = Mazad;
		};
		2FC702412090A5CD00D1E92A /* PBXContainerItemProxy */ = {
			isa = PBXContainerItemProxy;
			containerPortal = 2FC702162090A5CD00D1E92A /* Project object */;
			proxyType = 1;
			remoteGlobalIDString = 2FC7021D2090A5CD00D1E92A;
			remoteInfo = Mazad;
		};
/* End PBXContainerItemProxy section */

/* Begin PBXFileReference section */
		2E4691E5488D91066808019B /* Pods-Mazad.release.xcconfig */ = {isa = PBXFileReference; includeInIndex = 1; lastKnownFileType = text.xcconfig; name = "Pods-Mazad.release.xcconfig"; path = "Pods/Target Support Files/Pods-Mazad/Pods-Mazad.release.xcconfig"; sourceTree = "<group>"; };
		2F01893D20ADA3F30034BA75 /* searchTableViewCell.swift */ = {isa = PBXFileReference; lastKnownFileType = sourcecode.swift; path = searchTableViewCell.swift; sourceTree = "<group>"; };
		2F01894520ADCB7F0034BA75 /* Mazad.entitlements */ = {isa = PBXFileReference; lastKnownFileType = text.plist.entitlements; path = Mazad.entitlements; sourceTree = "<group>"; };
		2F01894620ADCBD40034BA75 /* GoogleService-Info.plist */ = {isa = PBXFileReference; fileEncoding = 4; lastKnownFileType = text.plist.xml; path = "GoogleService-Info.plist"; sourceTree = "<group>"; };
		2F05FD512094D9650005FB42 /* contactViewController.swift */ = {isa = PBXFileReference; lastKnownFileType = sourcecode.swift; path = contactViewController.swift; sourceTree = "<group>"; };
		2F414F072099EAA400B8AD12 /* likeTableViewCell.swift */ = {isa = PBXFileReference; lastKnownFileType = sourcecode.swift; path = likeTableViewCell.swift; sourceTree = "<group>"; };
		2F414F092099ECA700B8AD12 /* newsTitleTableViewCell.swift */ = {isa = PBXFileReference; lastKnownFileType = sourcecode.swift; path = newsTitleTableViewCell.swift; sourceTree = "<group>"; };
		2F414F0B2099ED0B00B8AD12 /* bodyNewsTableViewCell.swift */ = {isa = PBXFileReference; lastKnownFileType = sourcecode.swift; path = bodyNewsTableViewCell.swift; sourceTree = "<group>"; };
		2F41C3C32095F459007AA346 /* ProductViewController.swift */ = {isa = PBXFileReference; lastKnownFileType = sourcecode.swift; path = ProductViewController.swift; sourceTree = "<group>"; };
		2F41C3C52095F48E007AA346 /* titleTableViewCell.swift */ = {isa = PBXFileReference; lastKnownFileType = sourcecode.swift; path = titleTableViewCell.swift; sourceTree = "<group>"; };
		2F41C3C72095F4C8007AA346 /* informationTableViewCell.swift */ = {isa = PBXFileReference; lastKnownFileType = sourcecode.swift; path = informationTableViewCell.swift; sourceTree = "<group>"; };
		2F41C3C92095F4F2007AA346 /* imageTableViewCell.swift */ = {isa = PBXFileReference; lastKnownFileType = sourcecode.swift; path = imageTableViewCell.swift; sourceTree = "<group>"; };
		2F41C3CB2095F509007AA346 /* contactTableViewCell.swift */ = {isa = PBXFileReference; lastKnownFileType = sourcecode.swift; path = contactTableViewCell.swift; sourceTree = "<group>"; };
		2F41C3CD20962B91007AA346 /* commentTableViewCell.swift */ = {isa = PBXFileReference; lastKnownFileType = sourcecode.swift; path = commentTableViewCell.swift; sourceTree = "<group>"; };
		2F41C3CF20962BC3007AA346 /* addCommentTableViewCell.swift */ = {isa = PBXFileReference; lastKnownFileType = sourcecode.swift; path = addCommentTableViewCell.swift; sourceTree = "<group>"; };
		2F41C3D120965C2F007AA346 /* settingTableViewCell.swift */ = {isa = PBXFileReference; lastKnownFileType = sourcecode.swift; path = settingTableViewCell.swift; sourceTree = "<group>"; };
		2F41C3D3209664A4007AA346 /* settingViewController.swift */ = {isa = PBXFileReference; lastKnownFileType = sourcecode.swift; path = settingViewController.swift; sourceTree = "<group>"; };
		2F58884420A2293000E7E4B3 /* editProfileViewController.swift */ = {isa = PBXFileReference; fileEncoding = 4; lastKnownFileType = sourcecode.swift; path = editProfileViewController.swift; sourceTree = "<group>"; };
		2F5ED37E2090D76200E4B829 /* menuTableViewCell.swift */ = {isa = PBXFileReference; fileEncoding = 4; lastKnownFileType = sourcecode.swift; path = menuTableViewCell.swift; sourceTree = "<group>"; };
		2F5ED3802090E0FC00E4B829 /* Reachiblity.swift */ = {isa = PBXFileReference; fileEncoding = 4; lastKnownFileType = sourcecode.swift; path = Reachiblity.swift; sourceTree = "<group>"; };
		2F5ED3812090E0FC00E4B829 /* Utitlites.swift */ = {isa = PBXFileReference; fileEncoding = 4; lastKnownFileType = sourcecode.swift; path = Utitlites.swift; sourceTree = "<group>"; };
		2F5ED3842090E33D00E4B829 /* Global.swift */ = {isa = PBXFileReference; fileEncoding = 4; lastKnownFileType = sourcecode.swift; path = Global.swift; sourceTree = "<group>"; };
		2F5ED3862090E90B00E4B829 /* splashScreenViewController.swift */ = {isa = PBXFileReference; lastKnownFileType = sourcecode.swift; path = splashScreenViewController.swift; sourceTree = "<group>"; };
		2F5ED3882090E92F00E4B829 /* homeViewController.swift */ = {isa = PBXFileReference; lastKnownFileType = sourcecode.swift; path = homeViewController.swift; sourceTree = "<group>"; };
		2F5ED38A20910F0A00E4B829 /* productTableViewCell.swift */ = {isa = PBXFileReference; lastKnownFileType = sourcecode.swift; path = productTableViewCell.swift; sourceTree = "<group>"; };
		2F5ED38B20910F0A00E4B829 /* productTableViewCell.xib */ = {isa = PBXFileReference; lastKnownFileType = file.xib; path = productTableViewCell.xib; sourceTree = "<group>"; };
		2F5ED38E209110A700E4B829 /* addProductViewController.swift */ = {isa = PBXFileReference; lastKnownFileType = sourcecode.swift; path = addProductViewController.swift; sourceTree = "<group>"; };
		2F5ED390209110B700E4B829 /* categoriesViewController.swift */ = {isa = PBXFileReference; lastKnownFileType = sourcecode.swift; path = categoriesViewController.swift; sourceTree = "<group>"; };
		2F5ED392209110C400E4B829 /* listNewsViewController.swift */ = {isa = PBXFileReference; lastKnownFileType = sourcecode.swift; path = listNewsViewController.swift; sourceTree = "<group>"; };
		2F5ED395209110DA00E4B829 /* newsViewController.swift */ = {isa = PBXFileReference; lastKnownFileType = sourcecode.swift; path = newsViewController.swift; sourceTree = "<group>"; };
		2F74E60420A1493600AFA1A7 /* usersChatTableViewCell.swift */ = {isa = PBXFileReference; fileEncoding = 4; lastKnownFileType = sourcecode.swift; path = usersChatTableViewCell.swift; sourceTree = "<group>"; };
		2F74E60620A1495400AFA1A7 /* usersChatViewController.swift */ = {isa = PBXFileReference; fileEncoding = 4; lastKnownFileType = sourcecode.swift; path = usersChatViewController.swift; sourceTree = "<group>"; };
		2F8FD10D20A0C80D0039F3DA /* chatViewController.swift */ = {isa = PBXFileReference; fileEncoding = 4; lastKnownFileType = sourcecode.swift; path = chatViewController.swift; sourceTree = "<group>"; };
		2F8FD10E20A0C80D0039F3DA /* parentChatViewController.swift */ = {isa = PBXFileReference; fileEncoding = 4; lastKnownFileType = sourcecode.swift; path = parentChatViewController.swift; sourceTree = "<group>"; };
		2F9727C8209FE79B0082C11E /* GlobalVariables.swift */ = {isa = PBXFileReference; lastKnownFileType = sourcecode.swift; path = GlobalVariables.swift; sourceTree = "<group>"; };
		2F9A73BF2091E85F003649D7 /* newsTableViewCell.swift */ = {isa = PBXFileReference; lastKnownFileType = sourcecode.swift; path = newsTableViewCell.swift; sourceTree = "<group>"; };
		2F9A73C12091EA58003649D7 /* categoriesTableViewCell.swift */ = {isa = PBXFileReference; lastKnownFileType = sourcecode.swift; path = categoriesTableViewCell.swift; sourceTree = "<group>"; };
		2F9A73C32091F6B5003649D7 /* newProductTableViewCell.swift */ = {isa = PBXFileReference; lastKnownFileType = sourcecode.swift; path = newProductTableViewCell.swift; sourceTree = "<group>"; };
		2F9B043620937022000F7E86 /* mainViewController.swift */ = {isa = PBXFileReference; lastKnownFileType = sourcecode.swift; path = mainViewController.swift; sourceTree = "<group>"; };
		2F9B04382093713E000F7E86 /* searchViewController.swift */ = {isa = PBXFileReference; lastKnownFileType = sourcecode.swift; path = searchViewController.swift; sourceTree = "<group>"; };
		2FA1925520A7E21800F3B175 /* advancedSearchViewController.swift */ = {isa = PBXFileReference; lastKnownFileType = sourcecode.swift; path = advancedSearchViewController.swift; sourceTree = "<group>"; };
		2FA1925720A7E23100F3B175 /* advancedCellTableViewCell.swift */ = {isa = PBXFileReference; lastKnownFileType = sourcecode.swift; path = advancedCellTableViewCell.swift; sourceTree = "<group>"; };
		2FA1925920A7E24D00F3B175 /* imageCollectionViewCell.swift */ = {isa = PBXFileReference; lastKnownFileType = sourcecode.swift; path = imageCollectionViewCell.swift; sourceTree = "<group>"; };
		2FA267BC20A2ACAE0066CCA4 /* ArbFONTS-Droid.Arabic.Kufi_DownloadSoftware.iR_.ttf */ = {isa = PBXFileReference; lastKnownFileType = file; path = "ArbFONTS-Droid.Arabic.Kufi_DownloadSoftware.iR_.ttf"; sourceTree = "<group>"; };
		2FA267BD20A2ACB40066CCA4 /* ArbFONTS-Droid Arabic Kufi.ttf */ = {isa = PBXFileReference; lastKnownFileType = file; path = "ArbFONTS-Droid Arabic Kufi.ttf"; sourceTree = "<group>"; };
		2FA267BE20A2ACBC0066CCA4 /* ArbFONTS-Droid Arabic Kufi Bold.ttf */ = {isa = PBXFileReference; lastKnownFileType = file; path = "ArbFONTS-Droid Arabic Kufi Bold.ttf"; sourceTree = "<group>"; };
		2FA267BF20A2ACBC0066CCA4 /* ArbFONTS-Droid-Arabic-Kufi-Bold.ttf */ = {isa = PBXFileReference; lastKnownFileType = file; path = "ArbFONTS-Droid-Arabic-Kufi-Bold.ttf"; sourceTree = "<group>"; };
		2FA267C020A2ACBC0066CCA4 /* ArbFONTS-Droid-Arabic-Kufi.ttf */ = {isa = PBXFileReference; lastKnownFileType = file; path = "ArbFONTS-Droid-Arabic-Kufi.ttf"; sourceTree = "<group>"; };
		2FA267C120A2ACBD0066CCA4 /* ArbFONTS-Droid.Arabic.Kufi_.Bold_DownloadSoftware.iR_.ttf */ = {isa = PBXFileReference; lastKnownFileType = file; path = "ArbFONTS-Droid.Arabic.Kufi_.Bold_DownloadSoftware.iR_.ttf"; sourceTree = "<group>"; };
		2FB7FEDF2091DA4400B39CFC /* preLoginViewController.swift */ = {isa = PBXFileReference; lastKnownFileType = sourcecode.swift; path = preLoginViewController.swift; sourceTree = "<group>"; };
		2FC7021E2090A5CD00D1E92A /* Mazad.app */ = {isa = PBXFileReference; explicitFileType = wrapper.application; includeInIndex = 0; path = Mazad.app; sourceTree = BUILT_PRODUCTS_DIR; };
		2FC702212090A5CD00D1E92A /* AppDelegate.swift */ = {isa = PBXFileReference; lastKnownFileType = sourcecode.swift; path = AppDelegate.swift; sourceTree = "<group>"; };
		2FC702232090A5CD00D1E92A /* ViewController.swift */ = {isa = PBXFileReference; lastKnownFileType = sourcecode.swift; path = ViewController.swift; sourceTree = "<group>"; };
		2FC702262090A5CD00D1E92A /* Base */ = {isa = PBXFileReference; lastKnownFileType = file.storyboard; name = Base; path = Base.lproj/Main.storyboard; sourceTree = "<group>"; };
		2FC702292090A5CD00D1E92A /* Mazad.xcdatamodel */ = {isa = PBXFileReference; lastKnownFileType = wrapper.xcdatamodel; path = Mazad.xcdatamodel; sourceTree = "<group>"; };
		2FC7022B2090A5CD00D1E92A /* Assets.xcassets */ = {isa = PBXFileReference; lastKnownFileType = folder.assetcatalog; path = Assets.xcassets; sourceTree = "<group>"; };
		2FC7022E2090A5CD00D1E92A /* Base */ = {isa = PBXFileReference; lastKnownFileType = file.storyboard; name = Base; path = Base.lproj/LaunchScreen.storyboard; sourceTree = "<group>"; };
		2FC702302090A5CD00D1E92A /* Info.plist */ = {isa = PBXFileReference; lastKnownFileType = text.plist.xml; path = Info.plist; sourceTree = "<group>"; };
		2FC702352090A5CD00D1E92A /* MazadTests.xctest */ = {isa = PBXFileReference; explicitFileType = wrapper.cfbundle; includeInIndex = 0; path = MazadTests.xctest; sourceTree = BUILT_PRODUCTS_DIR; };
		2FC702392090A5CD00D1E92A /* MazadTests.swift */ = {isa = PBXFileReference; lastKnownFileType = sourcecode.swift; path = MazadTests.swift; sourceTree = "<group>"; };
		2FC7023B2090A5CD00D1E92A /* Info.plist */ = {isa = PBXFileReference; lastKnownFileType = text.plist.xml; path = Info.plist; sourceTree = "<group>"; };
		2FC702402090A5CD00D1E92A /* MazadUITests.xctest */ = {isa = PBXFileReference; explicitFileType = wrapper.cfbundle; includeInIndex = 0; path = MazadUITests.xctest; sourceTree = BUILT_PRODUCTS_DIR; };
		2FC702442090A5CD00D1E92A /* MazadUITests.swift */ = {isa = PBXFileReference; lastKnownFileType = sourcecode.swift; path = MazadUITests.swift; sourceTree = "<group>"; };
		2FC702462090A5CD00D1E92A /* Info.plist */ = {isa = PBXFileReference; lastKnownFileType = text.plist.xml; path = Info.plist; sourceTree = "<group>"; };
		2FC702522090D31C00D1E92A /* Mazad-Bridging-Header.h */ = {isa = PBXFileReference; lastKnownFileType = sourcecode.c.h; path = "Mazad-Bridging-Header.h"; sourceTree = "<group>"; };
		2FC702532090D31D00D1E92A /* SWRevealViewController.h */ = {isa = PBXFileReference; fileEncoding = 4; lastKnownFileType = sourcecode.c.h; path = SWRevealViewController.h; sourceTree = "<group>"; };
		2FC702542090D31D00D1E92A /* SWRevealViewController.m */ = {isa = PBXFileReference; fileEncoding = 4; lastKnownFileType = sourcecode.c.objc; path = SWRevealViewController.m; sourceTree = "<group>"; };
		2FC7025A2090D3C500D1E92A /* LoginViewController.swift */ = {isa = PBXFileReference; fileEncoding = 4; lastKnownFileType = sourcecode.swift; path = LoginViewController.swift; sourceTree = "<group>"; };
		2FC7025B2090D3C500D1E92A /* SignUpViewController.swift */ = {isa = PBXFileReference; fileEncoding = 4; lastKnownFileType = sourcecode.swift; path = SignUpViewController.swift; sourceTree = "<group>"; };
		2FC7025C2090D3C500D1E92A /* SuperParentViewController.swift */ = {isa = PBXFileReference; fileEncoding = 4; lastKnownFileType = sourcecode.swift; path = SuperParentViewController.swift; sourceTree = "<group>"; };
		2FC7025D2090D3C500D1E92A /* MenuController.swift */ = {isa = PBXFileReference; fileEncoding = 4; lastKnownFileType = sourcecode.swift; path = MenuController.swift; sourceTree = "<group>"; };
		2FC7025E2090D3C500D1E92A /* SuperParentTableViewController.swift */ = {isa = PBXFileReference; fileEncoding = 4; lastKnownFileType = sourcecode.swift; path = SuperParentTableViewController.swift; sourceTree = "<group>"; };
		2FC7025F2090D3C500D1E92A /* navigationController.swift */ = {isa = PBXFileReference; fileEncoding = 4; lastKnownFileType = sourcecode.swift; path = navigationController.swift; sourceTree = "<group>"; };
		2FE363A1209BE299001639A6 /* ExamplePhoto.swift */ = {isa = PBXFileReference; fileEncoding = 4; lastKnownFileType = sourcecode.swift; path = ExamplePhoto.swift; sourceTree = "<group>"; };
		2FEF28E020AF0B3F0078B132 /* verificationViewController.swift */ = {isa = PBXFileReference; fileEncoding = 4; lastKnownFileType = sourcecode.swift; path = verificationViewController.swift; sourceTree = "<group>"; };
		2FEF28E120AF0B3F0078B132 /* resetPasswordViewController.swift */ = {isa = PBXFileReference; fileEncoding = 4; lastKnownFileType = sourcecode.swift; path = resetPasswordViewController.swift; sourceTree = "<group>"; };
		2FF91F1F2092676B00E97821 /* mainTabBarController.swift */ = {isa = PBXFileReference; lastKnownFileType = sourcecode.swift; path = mainTabBarController.swift; sourceTree = "<group>"; };
		2FFF136B20AC143700D8F878 /* aboutViewController.swift */ = {isa = PBXFileReference; lastKnownFileType = sourcecode.swift; path = aboutViewController.swift; sourceTree = "<group>"; };
		2FFF136D20AC144B00D8F878 /* aboutTableViewCell.swift */ = {isa = PBXFileReference; lastKnownFileType = sourcecode.swift; path = aboutTableViewCell.swift; sourceTree = "<group>"; };
		2FFF136F20AC145500D8F878 /* aboutTextTableViewCell.swift */ = {isa = PBXFileReference; lastKnownFileType = sourcecode.swift; path = aboutTextTableViewCell.swift; sourceTree = "<group>"; };
		4ED6987077851413C58925C0 /* Pods-Mazad.debug.xcconfig */ = {isa = PBXFileReference; includeInIndex = 1; lastKnownFileType = text.xcconfig; name = "Pods-Mazad.debug.xcconfig"; path = "Pods/Target Support Files/Pods-Mazad/Pods-Mazad.debug.xcconfig"; sourceTree = "<group>"; };
		58792A8F276F3D7EBD82AA22 /* Pods_MazadTests.framework */ = {isa = PBXFileReference; explicitFileType = wrapper.framework; includeInIndex = 0; path = Pods_MazadTests.framework; sourceTree = BUILT_PRODUCTS_DIR; };
		CEB2EEDFF2F8807707B22E3A /* Pods_Mazad.framework */ = {isa = PBXFileReference; explicitFileType = wrapper.framework; includeInIndex = 0; path = Pods_Mazad.framework; sourceTree = BUILT_PRODUCTS_DIR; };
		DA0D36955E574C96ECB6E85A /* Pods-MazadTests.debug.xcconfig */ = {isa = PBXFileReference; includeInIndex = 1; lastKnownFileType = text.xcconfig; name = "Pods-MazadTests.debug.xcconfig"; path = "Pods/Target Support Files/Pods-MazadTests/Pods-MazadTests.debug.xcconfig"; sourceTree = "<group>"; };
		DC2CD2A5C1BCD542A73029A6 /* Pods-MazadUITests.release.xcconfig */ = {isa = PBXFileReference; includeInIndex = 1; lastKnownFileType = text.xcconfig; name = "Pods-MazadUITests.release.xcconfig"; path = "Pods/Target Support Files/Pods-MazadUITests/Pods-MazadUITests.release.xcconfig"; sourceTree = "<group>"; };
		E2A908AADB2454AC6B7D7529 /* Pods-MazadTests.release.xcconfig */ = {isa = PBXFileReference; includeInIndex = 1; lastKnownFileType = text.xcconfig; name = "Pods-MazadTests.release.xcconfig"; path = "Pods/Target Support Files/Pods-MazadTests/Pods-MazadTests.release.xcconfig"; sourceTree = "<group>"; };
		F2DB90A77D7AB95E4C6FE479 /* Pods-MazadUITests.debug.xcconfig */ = {isa = PBXFileReference; includeInIndex = 1; lastKnownFileType = text.xcconfig; name = "Pods-MazadUITests.debug.xcconfig"; path = "Pods/Target Support Files/Pods-MazadUITests/Pods-MazadUITests.debug.xcconfig"; sourceTree = "<group>"; };
		F3FAF6F17974B1921A5AADB7 /* Pods_MazadUITests.framework */ = {isa = PBXFileReference; explicitFileType = wrapper.framework; includeInIndex = 0; path = Pods_MazadUITests.framework; sourceTree = BUILT_PRODUCTS_DIR; };
/* End PBXFileReference section */

/* Begin PBXFrameworksBuildPhase section */
		2FC7021B2090A5CD00D1E92A /* Frameworks */ = {
			isa = PBXFrameworksBuildPhase;
			buildActionMask = 2147483647;
			files = (
				F3745CB1663D03040E14F3BB /* Pods_Mazad.framework in Frameworks */,
			);
			runOnlyForDeploymentPostprocessing = 0;
		};
		2FC702322090A5CD00D1E92A /* Frameworks */ = {
			isa = PBXFrameworksBuildPhase;
			buildActionMask = 2147483647;
			files = (
				E50A24A549DCA49A7A9AB30C /* Pods_MazadTests.framework in Frameworks */,
			);
			runOnlyForDeploymentPostprocessing = 0;
		};
		2FC7023D2090A5CD00D1E92A /* Frameworks */ = {
			isa = PBXFrameworksBuildPhase;
			buildActionMask = 2147483647;
			files = (
				0293C918A6FB5685807ABA7E /* Pods_MazadUITests.framework in Frameworks */,
			);
			runOnlyForDeploymentPostprocessing = 0;
		};
/* End PBXFrameworksBuildPhase section */

/* Begin PBXGroup section */
		2FA267BB20A2AC970066CCA4 /* Fonts */ = {
			isa = PBXGroup;
			children = (
				2FA267BE20A2ACBC0066CCA4 /* ArbFONTS-Droid Arabic Kufi Bold.ttf */,
				2FA267BD20A2ACB40066CCA4 /* ArbFONTS-Droid Arabic Kufi.ttf */,
				2FA267BF20A2ACBC0066CCA4 /* ArbFONTS-Droid-Arabic-Kufi-Bold.ttf */,
				2FA267C020A2ACBC0066CCA4 /* ArbFONTS-Droid-Arabic-Kufi.ttf */,
				2FA267C120A2ACBD0066CCA4 /* ArbFONTS-Droid.Arabic.Kufi_.Bold_DownloadSoftware.iR_.ttf */,
				2FA267BC20A2ACAE0066CCA4 /* ArbFONTS-Droid.Arabic.Kufi_DownloadSoftware.iR_.ttf */,
			);
			path = Fonts;
			sourceTree = "<group>";
		};
		2FC702152090A5CD00D1E92A = {
			isa = PBXGroup;
			children = (
				2FC702202090A5CD00D1E92A /* Mazad */,
				2FC702382090A5CD00D1E92A /* MazadTests */,
				2FC702432090A5CD00D1E92A /* MazadUITests */,
				2FC7021F2090A5CD00D1E92A /* Products */,
				A681522CBDC6D271CA480B0F /* Pods */,
				34FF2F0996FEB0133CFA891C /* Frameworks */,
			);
			sourceTree = "<group>";
		};
		2FC7021F2090A5CD00D1E92A /* Products */ = {
			isa = PBXGroup;
			children = (
				2FC7021E2090A5CD00D1E92A /* Mazad.app */,
				2FC702352090A5CD00D1E92A /* MazadTests.xctest */,
				2FC702402090A5CD00D1E92A /* MazadUITests.xctest */,
			);
			name = Products;
			sourceTree = "<group>";
		};
		2FC702202090A5CD00D1E92A /* Mazad */ = {
			isa = PBXGroup;
			children = (
				2F01894520ADCB7F0034BA75 /* Mazad.entitlements */,
				2FA267BB20A2AC970066CCA4 /* Fonts */,
				2FC702592090D36B00D1E92A /* View */,
				2FC702582090D36500D1E92A /* Helper */,
				2FC702572090D36000D1E92A /* Model */,
				2FC702562090D35400D1E92A /* Controller */,
				2FC702532090D31D00D1E92A /* SWRevealViewController.h */,
				2FC702542090D31D00D1E92A /* SWRevealViewController.m */,
				2FC702212090A5CD00D1E92A /* AppDelegate.swift */,
				2FC702232090A5CD00D1E92A /* ViewController.swift */,
				2FC702252090A5CD00D1E92A /* Main.storyboard */,
				2FC7022B2090A5CD00D1E92A /* Assets.xcassets */,
				2FC7022D2090A5CD00D1E92A /* LaunchScreen.storyboard */,
				2F01894620ADCBD40034BA75 /* GoogleService-Info.plist */,
				2FC702302090A5CD00D1E92A /* Info.plist */,
				2FC702282090A5CD00D1E92A /* Mazad.xcdatamodeld */,
				2FC702522090D31C00D1E92A /* Mazad-Bridging-Header.h */,
			);
			path = Mazad;
			sourceTree = "<group>";
		};
		2FC702382090A5CD00D1E92A /* MazadTests */ = {
			isa = PBXGroup;
			children = (
				2FC702392090A5CD00D1E92A /* MazadTests.swift */,
				2FC7023B2090A5CD00D1E92A /* Info.plist */,
			);
			path = MazadTests;
			sourceTree = "<group>";
		};
		2FC702432090A5CD00D1E92A /* MazadUITests */ = {
			isa = PBXGroup;
			children = (
				2FC702442090A5CD00D1E92A /* MazadUITests.swift */,
				2FC702462090A5CD00D1E92A /* Info.plist */,
			);
			path = MazadUITests;
			sourceTree = "<group>";
		};
		2FC702562090D35400D1E92A /* Controller */ = {
			isa = PBXGroup;
			children = (
				2FFF136B20AC143700D8F878 /* aboutViewController.swift */,
				2F5ED38E209110A700E4B829 /* addProductViewController.swift */,
				2FA1925520A7E21800F3B175 /* advancedSearchViewController.swift */,
				2F5ED390209110B700E4B829 /* categoriesViewController.swift */,
				2F8FD10D20A0C80D0039F3DA /* chatViewController.swift */,
				2F05FD512094D9650005FB42 /* contactViewController.swift */,
				2F58884420A2293000E7E4B3 /* editProfileViewController.swift */,
				2F5ED3882090E92F00E4B829 /* homeViewController.swift */,
				2F5ED392209110C400E4B829 /* listNewsViewController.swift */,
				2FC7025A2090D3C500D1E92A /* LoginViewController.swift */,
				2FF91F1F2092676B00E97821 /* mainTabBarController.swift */,
				2F9B043620937022000F7E86 /* mainViewController.swift */,
				2FC7025D2090D3C500D1E92A /* MenuController.swift */,
				2FC7025F2090D3C500D1E92A /* navigationController.swift */,
				2F5ED395209110DA00E4B829 /* newsViewController.swift */,
				2F8FD10E20A0C80D0039F3DA /* parentChatViewController.swift */,
				2FB7FEDF2091DA4400B39CFC /* preLoginViewController.swift */,
				2F41C3C32095F459007AA346 /* ProductViewController.swift */,
				2FEF28E120AF0B3F0078B132 /* resetPasswordViewController.swift */,
				2F9B04382093713E000F7E86 /* searchViewController.swift */,
				2F41C3D3209664A4007AA346 /* settingViewController.swift */,
				2FC7025B2090D3C500D1E92A /* SignUpViewController.swift */,
				2F5ED3862090E90B00E4B829 /* splashScreenViewController.swift */,
				2FC7025E2090D3C500D1E92A /* SuperParentTableViewController.swift */,
				2FC7025C2090D3C500D1E92A /* SuperParentViewController.swift */,
				2F74E60620A1495400AFA1A7 /* usersChatViewController.swift */,
				2FEF28E020AF0B3F0078B132 /* verificationViewController.swift */,
			);
			path = Controller;
			sourceTree = "<group>";
		};
		2FC702572090D36000D1E92A /* Model */ = {
			isa = PBXGroup;
			children = (
				2F5ED3842090E33D00E4B829 /* Global.swift */,
			);
			path = Model;
			sourceTree = "<group>";
		};
		2FC702582090D36500D1E92A /* Helper */ = {
			isa = PBXGroup;
			children = (
				2FE363A1209BE299001639A6 /* ExamplePhoto.swift */,
				2F5ED3802090E0FC00E4B829 /* Reachiblity.swift */,
				2F5ED3812090E0FC00E4B829 /* Utitlites.swift */,
				2F9727C8209FE79B0082C11E /* GlobalVariables.swift */,
			);
			path = Helper;
			sourceTree = "<group>";
		};
		2FC702592090D36B00D1E92A /* View */ = {
			isa = PBXGroup;
			children = (
				2FFF136D20AC144B00D8F878 /* aboutTableViewCell.swift */,
				2FFF136F20AC145500D8F878 /* aboutTextTableViewCell.swift */,
				2F41C3CF20962BC3007AA346 /* addCommentTableViewCell.swift */,
				2FA1925720A7E23100F3B175 /* advancedCellTableViewCell.swift */,
				2F414F0B2099ED0B00B8AD12 /* bodyNewsTableViewCell.swift */,
				2F9A73C12091EA58003649D7 /* categoriesTableViewCell.swift */,
				2F41C3CD20962B91007AA346 /* commentTableViewCell.swift */,
				2F41C3CB2095F509007AA346 /* contactTableViewCell.swift */,
				2FA1925920A7E24D00F3B175 /* imageCollectionViewCell.swift */,
				2F41C3C92095F4F2007AA346 /* imageTableViewCell.swift */,
				2F41C3C72095F4C8007AA346 /* informationTableViewCell.swift */,
				2F414F072099EAA400B8AD12 /* likeTableViewCell.swift */,
				2F5ED37E2090D76200E4B829 /* menuTableViewCell.swift */,
				2F9A73C32091F6B5003649D7 /* newProductTableViewCell.swift */,
				2F9A73BF2091E85F003649D7 /* newsTableViewCell.swift */,
				2F414F092099ECA700B8AD12 /* newsTitleTableViewCell.swift */,
				2F5ED38A20910F0A00E4B829 /* productTableViewCell.swift */,
				2F5ED38B20910F0A00E4B829 /* productTableViewCell.xib */,
				2F41C3D120965C2F007AA346 /* settingTableViewCell.swift */,
				2F41C3C52095F48E007AA346 /* titleTableViewCell.swift */,
				2F74E60420A1493600AFA1A7 /* usersChatTableViewCell.swift */,
				2F01893D20ADA3F30034BA75 /* searchTableViewCell.swift */,
			);
			path = View;
			sourceTree = "<group>";
		};
		34FF2F0996FEB0133CFA891C /* Frameworks */ = {
			isa = PBXGroup;
			children = (
				CEB2EEDFF2F8807707B22E3A /* Pods_Mazad.framework */,
				58792A8F276F3D7EBD82AA22 /* Pods_MazadTests.framework */,
				F3FAF6F17974B1921A5AADB7 /* Pods_MazadUITests.framework */,
			);
			name = Frameworks;
			sourceTree = "<group>";
		};
		A681522CBDC6D271CA480B0F /* Pods */ = {
			isa = PBXGroup;
			children = (
				4ED6987077851413C58925C0 /* Pods-Mazad.debug.xcconfig */,
				2E4691E5488D91066808019B /* Pods-Mazad.release.xcconfig */,
				DA0D36955E574C96ECB6E85A /* Pods-MazadTests.debug.xcconfig */,
				E2A908AADB2454AC6B7D7529 /* Pods-MazadTests.release.xcconfig */,
				F2DB90A77D7AB95E4C6FE479 /* Pods-MazadUITests.debug.xcconfig */,
				DC2CD2A5C1BCD542A73029A6 /* Pods-MazadUITests.release.xcconfig */,
			);
			name = Pods;
			sourceTree = "<group>";
		};
/* End PBXGroup section */

/* Begin PBXNativeTarget section */
		2FC7021D2090A5CD00D1E92A /* Mazad */ = {
			isa = PBXNativeTarget;
			buildConfigurationList = 2FC702492090A5CD00D1E92A /* Build configuration list for PBXNativeTarget "Mazad" */;
			buildPhases = (
				C3DAB1DA59D959471F431AFB /* [CP] Check Pods Manifest.lock */,
				2FC7021A2090A5CD00D1E92A /* Sources */,
				2FC7021B2090A5CD00D1E92A /* Frameworks */,
				2FC7021C2090A5CD00D1E92A /* Resources */,
				CF0C82635F4A8C0091300AD9 /* [CP] Embed Pods Frameworks */,
				2FFAC292209A9CCE00BBF733 /* ShellScript */,
			);
			buildRules = (
			);
			dependencies = (
			);
			name = Mazad;
			productName = Mazad;
			productReference = 2FC7021E2090A5CD00D1E92A /* Mazad.app */;
			productType = "com.apple.product-type.application";
		};
		2FC702342090A5CD00D1E92A /* MazadTests */ = {
			isa = PBXNativeTarget;
			buildConfigurationList = 2FC7024C2090A5CD00D1E92A /* Build configuration list for PBXNativeTarget "MazadTests" */;
			buildPhases = (
				0F9E14121CCD6DDF244C541B /* [CP] Check Pods Manifest.lock */,
				2FC702312090A5CD00D1E92A /* Sources */,
				2FC702322090A5CD00D1E92A /* Frameworks */,
				2FC702332090A5CD00D1E92A /* Resources */,
			);
			buildRules = (
			);
			dependencies = (
				2FC702372090A5CD00D1E92A /* PBXTargetDependency */,
			);
			name = MazadTests;
			productName = MazadTests;
			productReference = 2FC702352090A5CD00D1E92A /* MazadTests.xctest */;
			productType = "com.apple.product-type.bundle.unit-test";
		};
		2FC7023F2090A5CD00D1E92A /* MazadUITests */ = {
			isa = PBXNativeTarget;
			buildConfigurationList = 2FC7024F2090A5CD00D1E92A /* Build configuration list for PBXNativeTarget "MazadUITests" */;
			buildPhases = (
				B3BF125B393A66BD95A74512 /* [CP] Check Pods Manifest.lock */,
				2FC7023C2090A5CD00D1E92A /* Sources */,
				2FC7023D2090A5CD00D1E92A /* Frameworks */,
				2FC7023E2090A5CD00D1E92A /* Resources */,
			);
			buildRules = (
			);
			dependencies = (
				2FC702422090A5CD00D1E92A /* PBXTargetDependency */,
			);
			name = MazadUITests;
			productName = MazadUITests;
			productReference = 2FC702402090A5CD00D1E92A /* MazadUITests.xctest */;
			productType = "com.apple.product-type.bundle.ui-testing";
		};
/* End PBXNativeTarget section */

/* Begin PBXProject section */
		2FC702162090A5CD00D1E92A /* Project object */ = {
			isa = PBXProject;
			attributes = {
				LastSwiftUpdateCheck = 0920;
				LastUpgradeCheck = 0920;
				ORGANIZATIONNAME = "amr sobhy";
				TargetAttributes = {
					2FC7021D2090A5CD00D1E92A = {
						CreatedOnToolsVersion = 9.2;
						LastSwiftMigration = 0920;
						ProvisioningStyle = Automatic;
						SystemCapabilities = {
							com.apple.BackgroundModes = {
								enabled = 1;
							};
							com.apple.Push = {
								enabled = 1;
							};
						};
					};
					2FC702342090A5CD00D1E92A = {
						CreatedOnToolsVersion = 9.2;
						ProvisioningStyle = Automatic;
						TestTargetID = 2FC7021D2090A5CD00D1E92A;
					};
					2FC7023F2090A5CD00D1E92A = {
						CreatedOnToolsVersion = 9.2;
						ProvisioningStyle = Automatic;
						TestTargetID = 2FC7021D2090A5CD00D1E92A;
					};
				};
			};
			buildConfigurationList = 2FC702192090A5CD00D1E92A /* Build configuration list for PBXProject "Mazad" */;
			compatibilityVersion = "Xcode 8.0";
			developmentRegion = en;
			hasScannedForEncodings = 0;
			knownRegions = (
				en,
				Base,
			);
			mainGroup = 2FC702152090A5CD00D1E92A;
			productRefGroup = 2FC7021F2090A5CD00D1E92A /* Products */;
			projectDirPath = "";
			projectRoot = "";
			targets = (
				2FC7021D2090A5CD00D1E92A /* Mazad */,
				2FC702342090A5CD00D1E92A /* MazadTests */,
				2FC7023F2090A5CD00D1E92A /* MazadUITests */,
			);
		};
/* End PBXProject section */

/* Begin PBXResourcesBuildPhase section */
		2FC7021C2090A5CD00D1E92A /* Resources */ = {
			isa = PBXResourcesBuildPhase;
			buildActionMask = 2147483647;
			files = (
				2FA267C720A2ACBD0066CCA4 /* ArbFONTS-Droid.Arabic.Kufi_.Bold_DownloadSoftware.iR_.ttf in Resources */,
				2FC7022F2090A5CD00D1E92A /* LaunchScreen.storyboard in Resources */,
				2F5ED38D20910F0A00E4B829 /* productTableViewCell.xib in Resources */,
				2FA267C620A2ACBD0066CCA4 /* ArbFONTS-Droid-Arabic-Kufi.ttf in Resources */,
				2FC7022C2090A5CD00D1E92A /* Assets.xcassets in Resources */,
				2FA267C220A2ACBD0066CCA4 /* ArbFONTS-Droid.Arabic.Kufi_DownloadSoftware.iR_.ttf in Resources */,
				2FA267C420A2ACBD0066CCA4 /* ArbFONTS-Droid Arabic Kufi Bold.ttf in Resources */,
				2FC702272090A5CD00D1E92A /* Main.storyboard in Resources */,
				2F01894720ADCBD50034BA75 /* GoogleService-Info.plist in Resources */,
				2FA267C520A2ACBD0066CCA4 /* ArbFONTS-Droid-Arabic-Kufi-Bold.ttf in Resources */,
				2FA267C320A2ACBD0066CCA4 /* ArbFONTS-Droid Arabic Kufi.ttf in Resources */,
			);
			runOnlyForDeploymentPostprocessing = 0;
		};
		2FC702332090A5CD00D1E92A /* Resources */ = {
			isa = PBXResourcesBuildPhase;
			buildActionMask = 2147483647;
			files = (
			);
			runOnlyForDeploymentPostprocessing = 0;
		};
		2FC7023E2090A5CD00D1E92A /* Resources */ = {
			isa = PBXResourcesBuildPhase;
			buildActionMask = 2147483647;
			files = (
			);
			runOnlyForDeploymentPostprocessing = 0;
		};
/* End PBXResourcesBuildPhase section */

/* Begin PBXShellScriptBuildPhase section */
		0F9E14121CCD6DDF244C541B /* [CP] Check Pods Manifest.lock */ = {
			isa = PBXShellScriptBuildPhase;
			buildActionMask = 2147483647;
			files = (
			);
			inputPaths = (
				"${PODS_PODFILE_DIR_PATH}/Podfile.lock",
				"${PODS_ROOT}/Manifest.lock",
			);
			name = "[CP] Check Pods Manifest.lock";
			outputPaths = (
				"$(DERIVED_FILE_DIR)/Pods-MazadTests-checkManifestLockResult.txt",
			);
			runOnlyForDeploymentPostprocessing = 0;
			shellPath = /bin/sh;
			shellScript = "diff \"${PODS_PODFILE_DIR_PATH}/Podfile.lock\" \"${PODS_ROOT}/Manifest.lock\" > /dev/null\nif [ $? != 0 ] ; then\n    # print error to STDERR\n    echo \"error: The sandbox is not in sync with the Podfile.lock. Run 'pod install' or update your CocoaPods installation.\" >&2\n    exit 1\nfi\n# This output is used by Xcode 'outputs' to avoid re-running this script phase.\necho \"SUCCESS\" > \"${SCRIPT_OUTPUT_FILE_0}\"\n";
			showEnvVarsInLog = 0;
		};
		2FFAC292209A9CCE00BBF733 /* ShellScript */ = {
			isa = PBXShellScriptBuildPhase;
			buildActionMask = 8;
			files = (
			);
			inputPaths = (
			);
			outputPaths = (
			);
			runOnlyForDeploymentPostprocessing = 1;
			shellPath = /bin/sh;
			shellScript = "";
		};
		B3BF125B393A66BD95A74512 /* [CP] Check Pods Manifest.lock */ = {
			isa = PBXShellScriptBuildPhase;
			buildActionMask = 2147483647;
			files = (
			);
			inputPaths = (
				"${PODS_PODFILE_DIR_PATH}/Podfile.lock",
				"${PODS_ROOT}/Manifest.lock",
			);
			name = "[CP] Check Pods Manifest.lock";
			outputPaths = (
				"$(DERIVED_FILE_DIR)/Pods-MazadUITests-checkManifestLockResult.txt",
			);
			runOnlyForDeploymentPostprocessing = 0;
			shellPath = /bin/sh;
			shellScript = "diff \"${PODS_PODFILE_DIR_PATH}/Podfile.lock\" \"${PODS_ROOT}/Manifest.lock\" > /dev/null\nif [ $? != 0 ] ; then\n    # print error to STDERR\n    echo \"error: The sandbox is not in sync with the Podfile.lock. Run 'pod install' or update your CocoaPods installation.\" >&2\n    exit 1\nfi\n# This output is used by Xcode 'outputs' to avoid re-running this script phase.\necho \"SUCCESS\" > \"${SCRIPT_OUTPUT_FILE_0}\"\n";
			showEnvVarsInLog = 0;
		};
		C3DAB1DA59D959471F431AFB /* [CP] Check Pods Manifest.lock */ = {
			isa = PBXShellScriptBuildPhase;
			buildActionMask = 2147483647;
			files = (
			);
			inputPaths = (
				"${PODS_PODFILE_DIR_PATH}/Podfile.lock",
				"${PODS_ROOT}/Manifest.lock",
			);
			name = "[CP] Check Pods Manifest.lock";
			outputPaths = (
				"$(DERIVED_FILE_DIR)/Pods-Mazad-checkManifestLockResult.txt",
			);
			runOnlyForDeploymentPostprocessing = 0;
			shellPath = /bin/sh;
			shellScript = "diff \"${PODS_PODFILE_DIR_PATH}/Podfile.lock\" \"${PODS_ROOT}/Manifest.lock\" > /dev/null\nif [ $? != 0 ] ; then\n    # print error to STDERR\n    echo \"error: The sandbox is not in sync with the Podfile.lock. Run 'pod install' or update your CocoaPods installation.\" >&2\n    exit 1\nfi\n# This output is used by Xcode 'outputs' to avoid re-running this script phase.\necho \"SUCCESS\" > \"${SCRIPT_OUTPUT_FILE_0}\"\n";
			showEnvVarsInLog = 0;
		};
		CF0C82635F4A8C0091300AD9 /* [CP] Embed Pods Frameworks */ = {
			isa = PBXShellScriptBuildPhase;
			buildActionMask = 2147483647;
			files = (
			);
			inputPaths = (
				"${SRCROOT}/Pods/Target Support Files/Pods-Mazad/Pods-Mazad-frameworks.sh",
				"${BUILT_PRODUCTS_DIR}/Alamofire/Alamofire.framework",
				"${BUILT_PRODUCTS_DIR}/AlamofireImage/AlamofireImage.framework",
				"${BUILT_PRODUCTS_DIR}/DLRadioButton/DLRadioButton.framework",
				"${BUILT_PRODUCTS_DIR}/DropDown/DropDown.framework",
				"${BUILT_PRODUCTS_DIR}/FLAnimatedImage/FLAnimatedImage.framework",
				"${BUILT_PRODUCTS_DIR}/GoogleToolboxForMac/GoogleToolboxForMac.framework",
				"${BUILT_PRODUCTS_DIR}/Hue/Hue.framework",
				"${BUILT_PRODUCTS_DIR}/IQKeyboardManagerSwift/IQKeyboardManagerSwift.framework",
				"${BUILT_PRODUCTS_DIR}/ImagePicker/ImagePicker.framework",
				"${BUILT_PRODUCTS_DIR}/ImageSlideshow/ImageSlideshow.framework",
				"${BUILT_PRODUCTS_DIR}/JSQMessagesViewController/JSQMessagesViewController.framework",
				"${BUILT_PRODUCTS_DIR}/JSQSystemSoundPlayer/JSQSystemSoundPlayer.framework",
				"${BUILT_PRODUCTS_DIR}/Lightbox/Lightbox.framework",
				"${BUILT_PRODUCTS_DIR}/MBProgressHUD/MBProgressHUD.framework",
				"${BUILT_PRODUCTS_DIR}/NYTPhotoViewer/NYTPhotoViewer.framework",
				"${BUILT_PRODUCTS_DIR}/Protobuf/Protobuf.framework",
				"${BUILT_PRODUCTS_DIR}/SDWebImage/SDWebImage.framework",
				"${BUILT_PRODUCTS_DIR}/SideMenuController/SideMenuController.framework",
				"${BUILT_PRODUCTS_DIR}/Toast/Toast.framework",
				"${BUILT_PRODUCTS_DIR}/nanopb/nanopb.framework",
			);
			name = "[CP] Embed Pods Frameworks";
			outputPaths = (
				"${TARGET_BUILD_DIR}/${FRAMEWORKS_FOLDER_PATH}/Alamofire.framework",
				"${TARGET_BUILD_DIR}/${FRAMEWORKS_FOLDER_PATH}/AlamofireImage.framework",
				"${TARGET_BUILD_DIR}/${FRAMEWORKS_FOLDER_PATH}/DLRadioButton.framework",
				"${TARGET_BUILD_DIR}/${FRAMEWORKS_FOLDER_PATH}/DropDown.framework",
				"${TARGET_BUILD_DIR}/${FRAMEWORKS_FOLDER_PATH}/FLAnimatedImage.framework",
				"${TARGET_BUILD_DIR}/${FRAMEWORKS_FOLDER_PATH}/GoogleToolboxForMac.framework",
				"${TARGET_BUILD_DIR}/${FRAMEWORKS_FOLDER_PATH}/Hue.framework",
				"${TARGET_BUILD_DIR}/${FRAMEWORKS_FOLDER_PATH}/IQKeyboardManagerSwift.framework",
				"${TARGET_BUILD_DIR}/${FRAMEWORKS_FOLDER_PATH}/ImagePicker.framework",
				"${TARGET_BUILD_DIR}/${FRAMEWORKS_FOLDER_PATH}/ImageSlideshow.framework",
				"${TARGET_BUILD_DIR}/${FRAMEWORKS_FOLDER_PATH}/JSQMessagesViewController.framework",
				"${TARGET_BUILD_DIR}/${FRAMEWORKS_FOLDER_PATH}/JSQSystemSoundPlayer.framework",
				"${TARGET_BUILD_DIR}/${FRAMEWORKS_FOLDER_PATH}/Lightbox.framework",
				"${TARGET_BUILD_DIR}/${FRAMEWORKS_FOLDER_PATH}/MBProgressHUD.framework",
				"${TARGET_BUILD_DIR}/${FRAMEWORKS_FOLDER_PATH}/NYTPhotoViewer.framework",
				"${TARGET_BUILD_DIR}/${FRAMEWORKS_FOLDER_PATH}/Protobuf.framework",
				"${TARGET_BUILD_DIR}/${FRAMEWORKS_FOLDER_PATH}/SDWebImage.framework",
				"${TARGET_BUILD_DIR}/${FRAMEWORKS_FOLDER_PATH}/SideMenuController.framework",
				"${TARGET_BUILD_DIR}/${FRAMEWORKS_FOLDER_PATH}/Toast.framework",
				"${TARGET_BUILD_DIR}/${FRAMEWORKS_FOLDER_PATH}/nanopb.framework",
			);
			runOnlyForDeploymentPostprocessing = 0;
			shellPath = /bin/sh;
			shellScript = "\"${SRCROOT}/Pods/Target Support Files/Pods-Mazad/Pods-Mazad-frameworks.sh\"\n";
			showEnvVarsInLog = 0;
		};
/* End PBXShellScriptBuildPhase section */

/* Begin PBXSourcesBuildPhase section */
		2FC7021A2090A5CD00D1E92A /* Sources */ = {
			isa = PBXSourcesBuildPhase;
			buildActionMask = 2147483647;
			files = (
				2F9A73C02091E85F003649D7 /* newsTableViewCell.swift in Sources */,
				2F414F0A2099ECA700B8AD12 /* newsTitleTableViewCell.swift in Sources */,
				2F9A73C42091F6B5003649D7 /* newProductTableViewCell.swift in Sources */,
				2F41C3C82095F4C8007AA346 /* informationTableViewCell.swift in Sources */,
				2F41C3CE20962B91007AA346 /* commentTableViewCell.swift in Sources */,
				2FA1925820A7E23100F3B175 /* advancedCellTableViewCell.swift in Sources */,
				2FFF136C20AC143700D8F878 /* aboutViewController.swift in Sources */,
				2F8FD11020A0C80D0039F3DA /* parentChatViewController.swift in Sources */,
				2F9A73C22091EA58003649D7 /* categoriesTableViewCell.swift in Sources */,
				2F41C3D4209664A4007AA346 /* settingViewController.swift in Sources */,
				2FE363A2209BE29A001639A6 /* ExamplePhoto.swift in Sources */,
				2F5ED391209110B700E4B829 /* categoriesViewController.swift in Sources */,
				2FC702632090D3C500D1E92A /* MenuController.swift in Sources */,
				2FC702642090D3C500D1E92A /* SuperParentTableViewController.swift in Sources */,
				2FA1925A20A7E24D00F3B175 /* imageCollectionViewCell.swift in Sources */,
				2FC702612090D3C500D1E92A /* SignUpViewController.swift in Sources */,
				2F41C3CC2095F509007AA346 /* contactTableViewCell.swift in Sources */,
				2FC702652090D3C500D1E92A /* navigationController.swift in Sources */,
				2F8FD10F20A0C80D0039F3DA /* chatViewController.swift in Sources */,
				2FC7022A2090A5CD00D1E92A /* Mazad.xcdatamodeld in Sources */,
				2F5ED3872090E90B00E4B829 /* splashScreenViewController.swift in Sources */,
				2FEF28E320AF0B400078B132 /* resetPasswordViewController.swift in Sources */,
				2F5ED393209110C400E4B829 /* listNewsViewController.swift in Sources */,
				2FFF137020AC145500D8F878 /* aboutTextTableViewCell.swift in Sources */,
				2FC702242090A5CD00D1E92A /* ViewController.swift in Sources */,
				2F414F0C2099ED0B00B8AD12 /* bodyNewsTableViewCell.swift in Sources */,
				2F5ED3852090E33D00E4B829 /* Global.swift in Sources */,
				2FEF28E220AF0B400078B132 /* verificationViewController.swift in Sources */,
				2F5ED37F2090D76200E4B829 /* menuTableViewCell.swift in Sources */,
				2F9B04392093713E000F7E86 /* searchViewController.swift in Sources */,
				2FF91F202092676B00E97821 /* mainTabBarController.swift in Sources */,
				2F414F082099EAA400B8AD12 /* likeTableViewCell.swift in Sources */,
				2F41C3D020962BC3007AA346 /* addCommentTableViewCell.swift in Sources */,
				2FC702222090A5CD00D1E92A /* AppDelegate.swift in Sources */,
				2F9B043720937022000F7E86 /* mainViewController.swift in Sources */,
				2F41C3D220965C2F007AA346 /* settingTableViewCell.swift in Sources */,
				2F41C3C42095F459007AA346 /* ProductViewController.swift in Sources */,
				2F5ED3832090E0FC00E4B829 /* Utitlites.swift in Sources */,
				2F58884520A2293100E7E4B3 /* editProfileViewController.swift in Sources */,
				2F74E60520A1493600AFA1A7 /* usersChatTableViewCell.swift in Sources */,
				2FFF136E20AC144B00D8F878 /* aboutTableViewCell.swift in Sources */,
				2FA1925620A7E21800F3B175 /* advancedSearchViewController.swift in Sources */,
				2F5ED3892090E92F00E4B829 /* homeViewController.swift in Sources */,
				2F41C3C62095F48E007AA346 /* titleTableViewCell.swift in Sources */,
				2F74E60720A1495400AFA1A7 /* usersChatViewController.swift in Sources */,
				2F9727C9209FE79B0082C11E /* GlobalVariables.swift in Sources */,
				2FB7FEE02091DA4400B39CFC /* preLoginViewController.swift in Sources */,
				2F5ED3822090E0FC00E4B829 /* Reachiblity.swift in Sources */,
				2FC702602090D3C500D1E92A /* LoginViewController.swift in Sources */,
				2F41C3CA2095F4F2007AA346 /* imageTableViewCell.swift in Sources */,
				2F5ED38C20910F0A00E4B829 /* productTableViewCell.swift in Sources */,
				2FC702552090D31E00D1E92A /* SWRevealViewController.m in Sources */,
				2F01893E20ADA3F30034BA75 /* searchTableViewCell.swift in Sources */,
				2F5ED38F209110A700E4B829 /* addProductViewController.swift in Sources */,
				2FC702622090D3C500D1E92A /* SuperParentViewController.swift in Sources */,
				2F5ED396209110DA00E4B829 /* newsViewController.swift in Sources */,
				2F05FD522094D9650005FB42 /* contactViewController.swift in Sources */,
			);
			runOnlyForDeploymentPostprocessing = 0;
		};
		2FC702312090A5CD00D1E92A /* Sources */ = {
			isa = PBXSourcesBuildPhase;
			buildActionMask = 2147483647;
			files = (
				2FC7023A2090A5CD00D1E92A /* MazadTests.swift in Sources */,
			);
			runOnlyForDeploymentPostprocessing = 0;
		};
		2FC7023C2090A5CD00D1E92A /* Sources */ = {
			isa = PBXSourcesBuildPhase;
			buildActionMask = 2147483647;
			files = (
				2FC702452090A5CD00D1E92A /* MazadUITests.swift in Sources */,
			);
			runOnlyForDeploymentPostprocessing = 0;
		};
/* End PBXSourcesBuildPhase section */

/* Begin PBXTargetDependency section */
		2FC702372090A5CD00D1E92A /* PBXTargetDependency */ = {
			isa = PBXTargetDependency;
			target = 2FC7021D2090A5CD00D1E92A /* Mazad */;
			targetProxy = 2FC702362090A5CD00D1E92A /* PBXContainerItemProxy */;
		};
		2FC702422090A5CD00D1E92A /* PBXTargetDependency */ = {
			isa = PBXTargetDependency;
			target = 2FC7021D2090A5CD00D1E92A /* Mazad */;
			targetProxy = 2FC702412090A5CD00D1E92A /* PBXContainerItemProxy */;
		};
/* End PBXTargetDependency section */

/* Begin PBXVariantGroup section */
		2FC702252090A5CD00D1E92A /* Main.storyboard */ = {
			isa = PBXVariantGroup;
			children = (
				2FC702262090A5CD00D1E92A /* Base */,
			);
			name = Main.storyboard;
			sourceTree = "<group>";
		};
		2FC7022D2090A5CD00D1E92A /* LaunchScreen.storyboard */ = {
			isa = PBXVariantGroup;
			children = (
				2FC7022E2090A5CD00D1E92A /* Base */,
			);
			name = LaunchScreen.storyboard;
			sourceTree = "<group>";
		};
/* End PBXVariantGroup section */

/* Begin XCBuildConfiguration section */
		2FC702472090A5CD00D1E92A /* Debug */ = {
			isa = XCBuildConfiguration;
			buildSettings = {
				ALWAYS_SEARCH_USER_PATHS = NO;
				CLANG_ANALYZER_NONNULL = YES;
				CLANG_ANALYZER_NUMBER_OBJECT_CONVERSION = YES_AGGRESSIVE;
				CLANG_CXX_LANGUAGE_STANDARD = "gnu++14";
				CLANG_CXX_LIBRARY = "libc++";
				CLANG_ENABLE_MODULES = YES;
				CLANG_ENABLE_OBJC_ARC = YES;
				CLANG_WARN_BLOCK_CAPTURE_AUTORELEASING = YES;
				CLANG_WARN_BOOL_CONVERSION = YES;
				CLANG_WARN_COMMA = YES;
				CLANG_WARN_CONSTANT_CONVERSION = YES;
				CLANG_WARN_DIRECT_OBJC_ISA_USAGE = YES_ERROR;
				CLANG_WARN_DOCUMENTATION_COMMENTS = YES;
				CLANG_WARN_EMPTY_BODY = YES;
				CLANG_WARN_ENUM_CONVERSION = YES;
				CLANG_WARN_INFINITE_RECURSION = YES;
				CLANG_WARN_INT_CONVERSION = YES;
				CLANG_WARN_NON_LITERAL_NULL_CONVERSION = YES;
				CLANG_WARN_OBJC_LITERAL_CONVERSION = YES;
				CLANG_WARN_OBJC_ROOT_CLASS = YES_ERROR;
				CLANG_WARN_RANGE_LOOP_ANALYSIS = YES;
				CLANG_WARN_STRICT_PROTOTYPES = YES;
				CLANG_WARN_SUSPICIOUS_MOVE = YES;
				CLANG_WARN_UNGUARDED_AVAILABILITY = YES_AGGRESSIVE;
				CLANG_WARN_UNREACHABLE_CODE = YES;
				CLANG_WARN__DUPLICATE_METHOD_MATCH = YES;
				CODE_SIGN_IDENTITY = "iPhone Developer";
				COPY_PHASE_STRIP = NO;
				DEBUG_INFORMATION_FORMAT = dwarf;
				ENABLE_STRICT_OBJC_MSGSEND = YES;
				ENABLE_TESTABILITY = YES;
				GCC_C_LANGUAGE_STANDARD = gnu11;
				GCC_DYNAMIC_NO_PIC = NO;
				GCC_NO_COMMON_BLOCKS = YES;
				GCC_OPTIMIZATION_LEVEL = 0;
				GCC_PREPROCESSOR_DEFINITIONS = (
					"DEBUG=1",
					"$(inherited)",
				);
				GCC_WARN_64_TO_32_BIT_CONVERSION = YES;
				GCC_WARN_ABOUT_RETURN_TYPE = YES_ERROR;
				GCC_WARN_UNDECLARED_SELECTOR = YES;
				GCC_WARN_UNINITIALIZED_AUTOS = YES_AGGRESSIVE;
				GCC_WARN_UNUSED_FUNCTION = YES;
				GCC_WARN_UNUSED_VARIABLE = YES;
				IPHONEOS_DEPLOYMENT_TARGET = 11.2;
				MTL_ENABLE_DEBUG_INFO = YES;
				ONLY_ACTIVE_ARCH = YES;
				SDKROOT = iphoneos;
				SWIFT_ACTIVE_COMPILATION_CONDITIONS = DEBUG;
				SWIFT_OPTIMIZATION_LEVEL = "-Onone";
			};
			name = Debug;
		};
		2FC702482090A5CD00D1E92A /* Release */ = {
			isa = XCBuildConfiguration;
			buildSettings = {
				ALWAYS_SEARCH_USER_PATHS = NO;
				CLANG_ANALYZER_NONNULL = YES;
				CLANG_ANALYZER_NUMBER_OBJECT_CONVERSION = YES_AGGRESSIVE;
				CLANG_CXX_LANGUAGE_STANDARD = "gnu++14";
				CLANG_CXX_LIBRARY = "libc++";
				CLANG_ENABLE_MODULES = YES;
				CLANG_ENABLE_OBJC_ARC = YES;
				CLANG_WARN_BLOCK_CAPTURE_AUTORELEASING = YES;
				CLANG_WARN_BOOL_CONVERSION = YES;
				CLANG_WARN_COMMA = YES;
				CLANG_WARN_CONSTANT_CONVERSION = YES;
				CLANG_WARN_DIRECT_OBJC_ISA_USAGE = YES_ERROR;
				CLANG_WARN_DOCUMENTATION_COMMENTS = YES;
				CLANG_WARN_EMPTY_BODY = YES;
				CLANG_WARN_ENUM_CONVERSION = YES;
				CLANG_WARN_INFINITE_RECURSION = YES;
				CLANG_WARN_INT_CONVERSION = YES;
				CLANG_WARN_NON_LITERAL_NULL_CONVERSION = YES;
				CLANG_WARN_OBJC_LITERAL_CONVERSION = YES;
				CLANG_WARN_OBJC_ROOT_CLASS = YES_ERROR;
				CLANG_WARN_RANGE_LOOP_ANALYSIS = YES;
				CLANG_WARN_STRICT_PROTOTYPES = YES;
				CLANG_WARN_SUSPICIOUS_MOVE = YES;
				CLANG_WARN_UNGUARDED_AVAILABILITY = YES_AGGRESSIVE;
				CLANG_WARN_UNREACHABLE_CODE = YES;
				CLANG_WARN__DUPLICATE_METHOD_MATCH = YES;
				CODE_SIGN_IDENTITY = "iPhone Developer";
				COPY_PHASE_STRIP = NO;
				DEBUG_INFORMATION_FORMAT = "dwarf-with-dsym";
				ENABLE_NS_ASSERTIONS = NO;
				ENABLE_STRICT_OBJC_MSGSEND = YES;
				GCC_C_LANGUAGE_STANDARD = gnu11;
				GCC_NO_COMMON_BLOCKS = YES;
				GCC_WARN_64_TO_32_BIT_CONVERSION = YES;
				GCC_WARN_ABOUT_RETURN_TYPE = YES_ERROR;
				GCC_WARN_UNDECLARED_SELECTOR = YES;
				GCC_WARN_UNINITIALIZED_AUTOS = YES_AGGRESSIVE;
				GCC_WARN_UNUSED_FUNCTION = YES;
				GCC_WARN_UNUSED_VARIABLE = YES;
				IPHONEOS_DEPLOYMENT_TARGET = 11.2;
				MTL_ENABLE_DEBUG_INFO = NO;
				SDKROOT = iphoneos;
				SWIFT_OPTIMIZATION_LEVEL = "-Owholemodule";
				VALIDATE_PRODUCT = YES;
			};
			name = Release;
		};
		2FC7024A2090A5CD00D1E92A /* Debug */ = {
			isa = XCBuildConfiguration;
			baseConfigurationReference = 4ED6987077851413C58925C0 /* Pods-Mazad.debug.xcconfig */;
			buildSettings = {
				ASSETCATALOG_COMPILER_APPICON_NAME = AppIcon;
				CLANG_ENABLE_MODULES = YES;
				CODE_SIGN_ENTITLEMENTS = Mazad/Mazad.entitlements;
				"CODE_SIGN_IDENTITY[sdk=iphoneos*]" = "iPhone Developer";
				CODE_SIGN_STYLE = Automatic;
				DEVELOPMENT_TEAM = S32NA7S358;
				FRAMEWORK_SEARCH_PATHS = " $(inherited)";
				INFOPLIST_FILE = Mazad/Info.plist;
				IPHONEOS_DEPLOYMENT_TARGET = 11.2;
				LD_RUNPATH_SEARCH_PATHS = "$(inherited) @executable_path/Frameworks";
				PRODUCT_BUNDLE_IDENTIFIER = amr.Mazad;
				PRODUCT_NAME = "$(TARGET_NAME)";
				PROVISIONING_PROFILE = "";
				PROVISIONING_PROFILE_SPECIFIER = "";
				SWIFT_OBJC_BRIDGING_HEADER = "Mazad/Mazad-Bridging-Header.h";
				SWIFT_OPTIMIZATION_LEVEL = "-Onone";
				SWIFT_VERSION = 3.0;
				TARGETED_DEVICE_FAMILY = "1,2";
			};
			name = Debug;
		};
		2FC7024B2090A5CD00D1E92A /* Release */ = {
			isa = XCBuildConfiguration;
			baseConfigurationReference = 2E4691E5488D91066808019B /* Pods-Mazad.release.xcconfig */;
			buildSettings = {
				ASSETCATALOG_COMPILER_APPICON_NAME = AppIcon;
				CLANG_ENABLE_MODULES = YES;
				CODE_SIGN_ENTITLEMENTS = Mazad/Mazad.entitlements;
				"CODE_SIGN_IDENTITY[sdk=iphoneos*]" = "iPhone Developer";
				CODE_SIGN_STYLE = Automatic;
				DEVELOPMENT_TEAM = S32NA7S358;
				FRAMEWORK_SEARCH_PATHS = " $(inherited)";
				INFOPLIST_FILE = Mazad/Info.plist;
				IPHONEOS_DEPLOYMENT_TARGET = 11.2;
				LD_RUNPATH_SEARCH_PATHS = "$(inherited) @executable_path/Frameworks";
				PRODUCT_BUNDLE_IDENTIFIER = amr.Mazad;
				PRODUCT_NAME = "$(TARGET_NAME)";
				PROVISIONING_PROFILE = "";
				PROVISIONING_PROFILE_SPECIFIER = "";
				SWIFT_OBJC_BRIDGING_HEADER = "Mazad/Mazad-Bridging-Header.h";
				SWIFT_VERSION = 3.0;
				TARGETED_DEVICE_FAMILY = "1,2";
			};
			name = Release;
		};
		2FC7024D2090A5CD00D1E92A /* Debug */ = {
			isa = XCBuildConfiguration;
			baseConfigurationReference = DA0D36955E574C96ECB6E85A /* Pods-MazadTests.debug.xcconfig */;
			buildSettings = {
				ALWAYS_EMBED_SWIFT_STANDARD_LIBRARIES = YES;
				BUNDLE_LOADER = "$(TEST_HOST)";
				CODE_SIGN_STYLE = Automatic;
				INFOPLIST_FILE = MazadTests/Info.plist;
				LD_RUNPATH_SEARCH_PATHS = "$(inherited) @executable_path/Frameworks @loader_path/Frameworks";
				PRODUCT_BUNDLE_IDENTIFIER = amr.MazadTests;
				PRODUCT_NAME = "$(TARGET_NAME)";
				SWIFT_VERSION = 4.0;
				TARGETED_DEVICE_FAMILY = "1,2";
				TEST_HOST = "$(BUILT_PRODUCTS_DIR)/Mazad.app/Mazad";
			};
			name = Debug;
		};
		2FC7024E2090A5CD00D1E92A /* Release */ = {
			isa = XCBuildConfiguration;
			baseConfigurationReference = E2A908AADB2454AC6B7D7529 /* Pods-MazadTests.release.xcconfig */;
			buildSettings = {
				ALWAYS_EMBED_SWIFT_STANDARD_LIBRARIES = YES;
				BUNDLE_LOADER = "$(TEST_HOST)";
				CODE_SIGN_STYLE = Automatic;
				INFOPLIST_FILE = MazadTests/Info.plist;
				LD_RUNPATH_SEARCH_PATHS = "$(inherited) @executable_path/Frameworks @loader_path/Frameworks";
				PRODUCT_BUNDLE_IDENTIFIER = amr.MazadTests;
				PRODUCT_NAME = "$(TARGET_NAME)";
				SWIFT_VERSION = 4.0;
				TARGETED_DEVICE_FAMILY = "1,2";
				TEST_HOST = "$(BUILT_PRODUCTS_DIR)/Mazad.app/Mazad";
			};
			name = Release;
		};
		2FC702502090A5CD00D1E92A /* Debug */ = {
			isa = XCBuildConfiguration;
			baseConfigurationReference = F2DB90A77D7AB95E4C6FE479 /* Pods-MazadUITests.debug.xcconfig */;
			buildSettings = {
				ALWAYS_EMBED_SWIFT_STANDARD_LIBRARIES = YES;
				CODE_SIGN_STYLE = Automatic;
				INFOPLIST_FILE = MazadUITests/Info.plist;
				LD_RUNPATH_SEARCH_PATHS = "$(inherited) @executable_path/Frameworks @loader_path/Frameworks";
				PRODUCT_BUNDLE_IDENTIFIER = amr.MazadUITests;
				PRODUCT_NAME = "$(TARGET_NAME)";
				SWIFT_VERSION = 4.0;
				TARGETED_DEVICE_FAMILY = "1,2";
				TEST_TARGET_NAME = Mazad;
			};
			name = Debug;
		};
		2FC702512090A5CD00D1E92A /* Release */ = {
			isa = XCBuildConfiguration;
			baseConfigurationReference = DC2CD2A5C1BCD542A73029A6 /* Pods-MazadUITests.release.xcconfig */;
			buildSettings = {
				ALWAYS_EMBED_SWIFT_STANDARD_LIBRARIES = YES;
				CODE_SIGN_STYLE = Automatic;
				INFOPLIST_FILE = MazadUITests/Info.plist;
				LD_RUNPATH_SEARCH_PATHS = "$(inherited) @executable_path/Frameworks @loader_path/Frameworks";
				PRODUCT_BUNDLE_IDENTIFIER = amr.MazadUITests;
				PRODUCT_NAME = "$(TARGET_NAME)";
				SWIFT_VERSION = 4.0;
				TARGETED_DEVICE_FAMILY = "1,2";
				TEST_TARGET_NAME = Mazad;
			};
			name = Release;
		};
/* End XCBuildConfiguration section */

/* Begin XCConfigurationList section */
		2FC702192090A5CD00D1E92A /* Build configuration list for PBXProject "Mazad" */ = {
			isa = XCConfigurationList;
			buildConfigurations = (
				2FC702472090A5CD00D1E92A /* Debug */,
				2FC702482090A5CD00D1E92A /* Release */,
			);
			defaultConfigurationIsVisible = 0;
			defaultConfigurationName = Release;
		};
		2FC702492090A5CD00D1E92A /* Build configuration list for PBXNativeTarget "Mazad" */ = {
			isa = XCConfigurationList;
			buildConfigurations = (
				2FC7024A2090A5CD00D1E92A /* Debug */,
				2FC7024B2090A5CD00D1E92A /* Release */,
			);
			defaultConfigurationIsVisible = 0;
			defaultConfigurationName = Release;
		};
		2FC7024C2090A5CD00D1E92A /* Build configuration list for PBXNativeTarget "MazadTests" */ = {
			isa = XCConfigurationList;
			buildConfigurations = (
				2FC7024D2090A5CD00D1E92A /* Debug */,
				2FC7024E2090A5CD00D1E92A /* Release */,
			);
			defaultConfigurationIsVisible = 0;
			defaultConfigurationName = Release;
		};
		2FC7024F2090A5CD00D1E92A /* Build configuration list for PBXNativeTarget "MazadUITests" */ = {
			isa = XCConfigurationList;
			buildConfigurations = (
				2FC702502090A5CD00D1E92A /* Debug */,
				2FC702512090A5CD00D1E92A /* Release */,
			);
			defaultConfigurationIsVisible = 0;
			defaultConfigurationName = Release;
		};
/* End XCConfigurationList section */

/* Begin XCVersionGroup section */
		2FC702282090A5CD00D1E92A /* Mazad.xcdatamodeld */ = {
			isa = XCVersionGroup;
			children = (
				2FC702292090A5CD00D1E92A /* Mazad.xcdatamodel */,
			);
			currentVersion = 2FC702292090A5CD00D1E92A /* Mazad.xcdatamodel */;
			path = Mazad.xcdatamodeld;
			sourceTree = "<group>";
			versionGroupType = wrapper.xcdatamodel;
		};
/* End XCVersionGroup section */
	};
	rootObject = 2FC702162090A5CD00D1E92A /* Project object */;
}
